
Microsoft Visual Studio Solution File, Format Version 12.00
# Visual Studio Version 17
VisualStudioVersion = 17.8.34316.72
MinimumVisualStudioVersion = 10.0.40219.1
Project("{FAE04EC0-301F-11D3-BF4B-00C04F79EFBC}") = "Universal2024", "Universal2024.csproj", "{57A2D51D-5CAA-495A-87E6-B3BC20326AB0}"
EndProject
Global
	GlobalSection(SolutionConfigurationPlatforms) = preSolution
		Debug|Any CPU = Debug|Any CPU
		Release|Any CPU = Release|Any CPU
	EndGlobalSection
	GlobalSection(ProjectConfigurationPlatforms) = postSolution
		{57A2D51D-5CAA-495A-87E6-B3BC20326AB0}.Debug|Any CPU.ActiveCfg = Debug|Any CPU
		{57A2D51D-5CAA-495A-87E6-B3BC20326AB0}.Debug|Any CPU.Build.0 = Debug|Any CPU
		{57A2D51D-5CAA-495A-87E6-B3BC20326AB0}.Release|Any CPU.ActiveCfg = Release|Any CPU
		{57A2D51D-5CAA-495A-87E6-B3BC20326AB0}.Release|Any CPU.Build.0 = Release|Any CPU
	EndGlobalSection
	GlobalSection(SolutionProperties) = preSolution
		HideSolutionNode = FALSE
	EndGlobalSection
	GlobalSection(ExtensibilityGlobals) = postSolution
		SolutionGuid = {2BEBEAAD-A362-4AF3-88C5-0383468C07FA}
	EndGlobalSection
EndGlobal
